
Microsoft Visual Studio Solution File, Format Version 12.00
# Visual Studio 2013
VisualStudioVersion = 12.0.30723.0
MinimumVisualStudioVersion = 10.0.40219.1
Project("{FAE04EC0-301F-11D3-BF4B-00C04F79EFBC}") = "ExampleLiskov", "ExampleLiskov\ExampleLiskov.csproj", "{1717DC25-0D21-4404-8545-3D17B71A56F1}"
EndProject
Project("{FAE04EC0-301F-11D3-BF4B-00C04F79EFBC}") = "Test", "Test\Test.csproj", "{90AEB1B8-792E-4695-ACFD-57B8E1B7729F}"
EndProject
Global
	GlobalSection(SolutionConfigurationPlatforms) = preSolution
		Debug|Any CPU = Debug|Any CPU
		Release|Any CPU = Release|Any CPU
	EndGlobalSection
	GlobalSection(ProjectConfigurationPlatforms) = postSolution
		{1717DC25-0D21-4404-8545-3D17B71A56F1}.Debug|Any CPU.ActiveCfg = Debug|Any CPU
		{1717DC25-0D21-4404-8545-3D17B71A56F1}.Debug|Any CPU.Build.0 = Debug|Any CPU
		{1717DC25-0D21-4404-8545-3D17B71A56F1}.Release|Any CPU.ActiveCfg = Release|Any CPU
		{1717DC25-0D21-4404-8545-3D17B71A56F1}.Release|Any CPU.Build.0 = Release|Any CPU
		{90AEB1B8-792E-4695-ACFD-57B8E1B7729F}.Debug|Any CPU.ActiveCfg = Debug|Any CPU
		{90AEB1B8-792E-4695-ACFD-57B8E1B7729F}.Debug|Any CPU.Build.0 = Debug|Any CPU
		{90AEB1B8-792E-4695-ACFD-57B8E1B7729F}.Release|Any CPU.ActiveCfg = Release|Any CPU
		{90AEB1B8-792E-4695-ACFD-57B8E1B7729F}.Release|Any CPU.Build.0 = Release|Any CPU
	EndGlobalSection
	GlobalSection(SolutionProperties) = preSolution
		HideSolutionNode = FALSE
	EndGlobalSection
EndGlobal
